
Microsoft Visual Studio Solution File, Format Version 12.00
# Visual Studio 15
VisualStudioVersion = 15.0.26020.0
MinimumVisualStudioVersion = 10.0.40219.1
Project("{FAE04EC0-301F-11D3-BF4B-00C04F79EFBC}") = "MTLab1", "MTLab1\MTLab1.csproj", "{62477580-C9A4-4256-8044-0C59FFB5294F}"
EndProject
Global
	GlobalSection(SolutionConfigurationPlatforms) = preSolution
		Debug|Any CPU = Debug|Any CPU
		Release|Any CPU = Release|Any CPU
	EndGlobalSection
	GlobalSection(ProjectConfigurationPlatforms) = postSolution
		{62477580-C9A4-4256-8044-0C59FFB5294F}.Debug|Any CPU.ActiveCfg = Debug|Any CPU
		{62477580-C9A4-4256-8044-0C59FFB5294F}.Debug|Any CPU.Build.0 = Debug|Any CPU
		{62477580-C9A4-4256-8044-0C59FFB5294F}.Release|Any CPU.ActiveCfg = Release|Any CPU
		{62477580-C9A4-4256-8044-0C59FFB5294F}.Release|Any CPU.Build.0 = Release|Any CPU
	EndGlobalSection
	GlobalSection(SolutionProperties) = preSolution
		HideSolutionNode = FALSE
	EndGlobalSection
EndGlobal
